<?xml version="1.0" encoding="utf-8"?>
<Project ToolsVersion="4.0" xmlns="http://schemas.microsoft.com/developer/msbuild/2003">
  <ItemGroup>
    <Filter Include="소스 파일">
      <UniqueIdentifier>{4FC737F1-C7A5-4376-A066-2A32D752A2FF}</UniqueIdentifier>
      <Extensions>cpp;c;cc;cxx;c++;cppm;ixx;def;odl;idl;hpj;bat;asm;asmx</Extensions>
    </Filter>
    <Filter Include="헤더 파일">
      <UniqueIdentifier>{93995380-89BD-4b04-88EB-625FBE52EBFB}</UniqueIdentifier>
      <Extensions>h;hh;hpp;hxx;h++;hm;inl;inc;ipp;xsd</Extensions>
    </Filter>
    <Filter Include="리소스 파일">
      <UniqueIdentifier>{67DA6AB6-F800-4c08-8B7A-83BB121AAD01}</UniqueIdentifier>
      <Extensions>rc;ico;cur;bmp;dlg;rc2;rct;bin;rgs;gif;jpg;jpeg;jpe;resx;tiff;tif;png;wav;mfcribbon-ms</Extensions>
    </Filter>
    <Filter Include="소스 파일\Charater">
      <UniqueIdentifier>{385638b8-474d-40a5-9ff2-c84bfdf824e9}</UniqueIdentifier>
    </Filter>
    <Filter Include="소스 파일\Warrior">
      <UniqueIdentifier>{89c3650b-1e0d-4913-9d36-c23621ade70f}</UniqueIdentifier>
    </Filter>
    <Filter Include="소스 파일\Mage">
      <UniqueIdentifier>{986472bd-b8b2-4246-93b0-e76c96cd5c6e}</UniqueIdentifier>
    </Filter>
    <Filter Include="소스 파일\Rogue">
      <UniqueIdentifier>{3331d1f8-3ebf-4ccd-8502-b5cb29f13701}</UniqueIdentifier>
    </Filter>
  </ItemGroup>
  <ItemGroup>
    <ClCompile Include="main.cpp">
      <Filter>소스 파일</Filter>
    </ClCompile>
    <ClCompile Include="Character.cpp">
      <Filter>소스 파일\Charater</Filter>
    </ClCompile>
    <ClCompile Include="Warrior.cpp">
      <Filter>소스 파일\Warrior</Filter>
    </ClCompile>
    <ClCompile Include="Mage.cpp">
      <Filter>소스 파일\Mage</Filter>
    </ClCompile>
    <ClCompile Include="Rogue.cpp">
      <Filter>소스 파일\Rogue</Filter>
    </ClCompile>
  </ItemGroup>
  <ItemGroup>
    <ClInclude Include="Character.h">
      <Filter>소스 파일\Charater</Filter>
    </ClInclude>
    <ClInclude Include="Warrior.h">
      <Filter>소스 파일\Warrior</Filter>
    </ClInclude>
    <ClInclude Include="Mage.h">
      <Filter>소스 파일\Mage</Filter>
    </ClInclude>
    <ClInclude Include="Rogue.h">
      <Filter>소스 파일\Rogue</Filter>
    </ClInclude>
  </ItemGroup>
</Project>